
Microsoft Visual Studio Solution File, Format Version 12.00
# Visual Studio Version 17
VisualStudioVersion = 17.1.32319.34
MinimumVisualStudioVersion = 10.0.40219.1
Project("{FAE04EC0-301F-11D3-BF4B-00C04F79EFBC}") = "WinFormsApp1", "WinFormsApp1.csproj", "{C73319C3-B32A-473B-B8E6-53CF6DEA1865}"
EndProject
Global
	GlobalSection(SolutionConfigurationPlatforms) = preSolution
		Debug|Any CPU = Debug|Any CPU
		Release|Any CPU = Release|Any CPU
	EndGlobalSection
	GlobalSection(ProjectConfigurationPlatforms) = postSolution
		{C73319C3-B32A-473B-B8E6-53CF6DEA1865}.Debug|Any CPU.ActiveCfg = Debug|Any CPU
		{C73319C3-B32A-473B-B8E6-53CF6DEA1865}.Debug|Any CPU.Build.0 = Debug|Any CPU
		{C73319C3-B32A-473B-B8E6-53CF6DEA1865}.Release|Any CPU.ActiveCfg = Release|Any CPU
		{C73319C3-B32A-473B-B8E6-53CF6DEA1865}.Release|Any CPU.Build.0 = Release|Any CPU
	EndGlobalSection
	GlobalSection(SolutionProperties) = preSolution
		HideSolutionNode = FALSE
	EndGlobalSection
	GlobalSection(ExtensibilityGlobals) = postSolution
		SolutionGuid = {2621E5CD-EF98-4FEE-98A8-504CA8F3F639}
	EndGlobalSection
EndGlobal
